
Microsoft Visual Studio Solution File, Format Version 12.00
# Visual Studio Version 17
VisualStudioVersion = 17.4.33213.308
MinimumVisualStudioVersion = 10.0.40219.1
Project("{FAE04EC0-301F-11D3-BF4B-00C04F79EFBC}") = "MatchingTool", "MatchingTool\MatchingTool.csproj", "{C8BAFDBC-D096-4FE2-96DC-5B85B270DA10}"
EndProject
Global
	GlobalSection(SolutionConfigurationPlatforms) = preSolution
		Debug|Any CPU = Debug|Any CPU
		Release|Any CPU = Release|Any CPU
	EndGlobalSection
	GlobalSection(ProjectConfigurationPlatforms) = postSolution
		{C8BAFDBC-D096-4FE2-96DC-5B85B270DA10}.Debug|Any CPU.ActiveCfg = Debug|Any CPU
		{C8BAFDBC-D096-4FE2-96DC-5B85B270DA10}.Debug|Any CPU.Build.0 = Debug|Any CPU
		{C8BAFDBC-D096-4FE2-96DC-5B85B270DA10}.Release|Any CPU.ActiveCfg = Release|Any CPU
		{C8BAFDBC-D096-4FE2-96DC-5B85B270DA10}.Release|Any CPU.Build.0 = Release|Any CPU
	EndGlobalSection
	GlobalSection(SolutionProperties) = preSolution
		HideSolutionNode = FALSE
	EndGlobalSection
	GlobalSection(ExtensibilityGlobals) = postSolution
		SolutionGuid = {C2C5B1B5-A67A-4C77-8A82-B2FC3334F9F5}
	EndGlobalSection
EndGlobal
